
Microsoft Visual Studio Solution File, Format Version 12.00
# Visual Studio Version 17
VisualStudioVersion = 17.3.32922.545
MinimumVisualStudioVersion = 10.0.40219.1
Project("{FAE04EC0-301F-11D3-BF4B-00C04F79EFBC}") = "SecondDemo", "SecondDemo.csproj", "{05551801-CE0F-4B34-B9B9-51B74B5B776D}"
EndProject
Global
	GlobalSection(SolutionConfigurationPlatforms) = preSolution
		Debug|Any CPU = Debug|Any CPU
		Release|Any CPU = Release|Any CPU
	EndGlobalSection
	GlobalSection(ProjectConfigurationPlatforms) = postSolution
		{05551801-CE0F-4B34-B9B9-51B74B5B776D}.Debug|Any CPU.ActiveCfg = Debug|Any CPU
		{05551801-CE0F-4B34-B9B9-51B74B5B776D}.Debug|Any CPU.Build.0 = Debug|Any CPU
		{05551801-CE0F-4B34-B9B9-51B74B5B776D}.Release|Any CPU.ActiveCfg = Release|Any CPU
		{05551801-CE0F-4B34-B9B9-51B74B5B776D}.Release|Any CPU.Build.0 = Release|Any CPU
	EndGlobalSection
	GlobalSection(SolutionProperties) = preSolution
		HideSolutionNode = FALSE
	EndGlobalSection
	GlobalSection(ExtensibilityGlobals) = postSolution
		SolutionGuid = {706AAE44-D87A-427A-B73D-A5643F48B3D1}
	EndGlobalSection
EndGlobal
